
Microsoft Visual Studio Solution File, Format Version 12.00
# Visual Studio Version 17
VisualStudioVersion = 17.9.34616.47
MinimumVisualStudioVersion = 10.0.40219.1
Project("{FAE04EC0-301F-11D3-BF4B-00C04F79EFBC}") = "16 6 1", "16 6 1\16 6 1.csproj", "{A2B36273-D11D-4B4E-AAB7-5D818159950A}"
EndProject
Project("{FAE04EC0-301F-11D3-BF4B-00C04F79EFBC}") = "Calculator.Tests", "Calculator.Tests\Calculator.Tests.csproj", "{B68D4FA8-0C01-4E5C-B2AF-9B14D643E760}"
EndProject
Global
	GlobalSection(SolutionConfigurationPlatforms) = preSolution
		Debug|Any CPU = Debug|Any CPU
		Release|Any CPU = Release|Any CPU
	EndGlobalSection
	GlobalSection(ProjectConfigurationPlatforms) = postSolution
		{A2B36273-D11D-4B4E-AAB7-5D818159950A}.Debug|Any CPU.ActiveCfg = Debug|Any CPU
		{A2B36273-D11D-4B4E-AAB7-5D818159950A}.Debug|Any CPU.Build.0 = Debug|Any CPU
		{A2B36273-D11D-4B4E-AAB7-5D818159950A}.Release|Any CPU.ActiveCfg = Release|Any CPU
		{A2B36273-D11D-4B4E-AAB7-5D818159950A}.Release|Any CPU.Build.0 = Release|Any CPU
		{B68D4FA8-0C01-4E5C-B2AF-9B14D643E760}.Debug|Any CPU.ActiveCfg = Debug|Any CPU
		{B68D4FA8-0C01-4E5C-B2AF-9B14D643E760}.Debug|Any CPU.Build.0 = Debug|Any CPU
		{B68D4FA8-0C01-4E5C-B2AF-9B14D643E760}.Release|Any CPU.ActiveCfg = Release|Any CPU
		{B68D4FA8-0C01-4E5C-B2AF-9B14D643E760}.Release|Any CPU.Build.0 = Release|Any CPU
	EndGlobalSection
	GlobalSection(SolutionProperties) = preSolution
		HideSolutionNode = FALSE
	EndGlobalSection
	GlobalSection(ExtensibilityGlobals) = postSolution
		SolutionGuid = {62FB22E8-E062-41C7-99A5-07FE8BF4E4BC}
	EndGlobalSection
EndGlobal
